
Microsoft Visual Studio Solution File, Format Version 12.00
# Visual Studio Version 17
VisualStudioVersion = 17.7.34018.315
MinimumVisualStudioVersion = 10.0.40219.1
Project("{9A19103F-16F7-4668-BE54-9A1E7A4F7556}") = "WebAPI", "WebAPI\WebAPI.csproj", "{3C77F64A-D747-4986-BC2E-E44E4F7192F7}"
EndProject
Project("{FAE04EC0-301F-11D3-BF4B-00C04F79EFBC}") = "Domain", "Domain\Domain.csproj", "{C20EC447-B7CA-41FE-9C18-CA90E615A899}"
EndProject
Project("{FAE04EC0-301F-11D3-BF4B-00C04F79EFBC}") = "DataAccess", "DataAccess\DataAccess.csproj", "{9F1E8088-96CB-4668-BDD2-602BC367CB9F}"
EndProject
Project("{FAE04EC0-301F-11D3-BF4B-00C04F79EFBC}") = "Services", "Services\Services.csproj", "{CFFABDB2-8C1A-4219-ABA8-C324F2CEB3E6}"
EndProject
Global
	GlobalSection(SolutionConfigurationPlatforms) = preSolution
		Debug|Any CPU = Debug|Any CPU
		Release|Any CPU = Release|Any CPU
	EndGlobalSection
	GlobalSection(ProjectConfigurationPlatforms) = postSolution
		{3C77F64A-D747-4986-BC2E-E44E4F7192F7}.Debug|Any CPU.ActiveCfg = Debug|Any CPU
		{3C77F64A-D747-4986-BC2E-E44E4F7192F7}.Debug|Any CPU.Build.0 = Debug|Any CPU
		{3C77F64A-D747-4986-BC2E-E44E4F7192F7}.Release|Any CPU.ActiveCfg = Release|Any CPU
		{3C77F64A-D747-4986-BC2E-E44E4F7192F7}.Release|Any CPU.Build.0 = Release|Any CPU
		{C20EC447-B7CA-41FE-9C18-CA90E615A899}.Debug|Any CPU.ActiveCfg = Debug|Any CPU
		{C20EC447-B7CA-41FE-9C18-CA90E615A899}.Debug|Any CPU.Build.0 = Debug|Any CPU
		{C20EC447-B7CA-41FE-9C18-CA90E615A899}.Release|Any CPU.ActiveCfg = Release|Any CPU
		{C20EC447-B7CA-41FE-9C18-CA90E615A899}.Release|Any CPU.Build.0 = Release|Any CPU
		{9F1E8088-96CB-4668-BDD2-602BC367CB9F}.Debug|Any CPU.ActiveCfg = Debug|Any CPU
		{9F1E8088-96CB-4668-BDD2-602BC367CB9F}.Debug|Any CPU.Build.0 = Debug|Any CPU
		{9F1E8088-96CB-4668-BDD2-602BC367CB9F}.Release|Any CPU.ActiveCfg = Release|Any CPU
		{9F1E8088-96CB-4668-BDD2-602BC367CB9F}.Release|Any CPU.Build.0 = Release|Any CPU
		{CFFABDB2-8C1A-4219-ABA8-C324F2CEB3E6}.Debug|Any CPU.ActiveCfg = Debug|Any CPU
		{CFFABDB2-8C1A-4219-ABA8-C324F2CEB3E6}.Debug|Any CPU.Build.0 = Debug|Any CPU
		{CFFABDB2-8C1A-4219-ABA8-C324F2CEB3E6}.Release|Any CPU.ActiveCfg = Release|Any CPU
		{CFFABDB2-8C1A-4219-ABA8-C324F2CEB3E6}.Release|Any CPU.Build.0 = Release|Any CPU
	EndGlobalSection
	GlobalSection(SolutionProperties) = preSolution
		HideSolutionNode = FALSE
	EndGlobalSection
	GlobalSection(ExtensibilityGlobals) = postSolution
		SolutionGuid = {3FE12A02-0A99-4451-8401-2CACE8A4A8CC}
	EndGlobalSection
EndGlobal
